
Microsoft Visual Studio Solution File, Format Version 12.00
# Visual Studio 15
VisualStudioVersion = 15.0.27703.2026
MinimumVisualStudioVersion = 10.0.40219.1
Project("{FAE04EC0-301F-11D3-BF4B-00C04F79EFBC}") = "LMS", "LMS\LMS\LMS.csproj", "{9ADB2AD7-23F7-41D1-A8ED-6AA69728AC8E}"
EndProject
Project("{FAE04EC0-301F-11D3-BF4B-00C04F79EFBC}") = "LMS.Android", "LMS\LMS.Android\LMS.Android.csproj", "{B89BC810-5CE5-408A-BA6C-19BD3491943C}"
EndProject
Project("{FAE04EC0-301F-11D3-BF4B-00C04F79EFBC}") = "LMS.iOS", "LMS\LMS.iOS\LMS.iOS.csproj", "{DE742F73-A9B5-4E58-AF01-4CE4B2C16364}"
EndProject
Project("{FAE04EC0-301F-11D3-BF4B-00C04F79EFBC}") = "LMS.UWP", "LMS\LMS.UWP\LMS.UWP.csproj", "{159FCE8F-56E1-4D55-924A-74D4215217C5}"
EndProject
Global
	GlobalSection(SolutionConfigurationPlatforms) = preSolution
		Ad-Hoc|Any CPU = Ad-Hoc|Any CPU
		Ad-Hoc|ARM = Ad-Hoc|ARM
		Ad-Hoc|iPhone = Ad-Hoc|iPhone
		Ad-Hoc|iPhoneSimulator = Ad-Hoc|iPhoneSimulator
		Ad-Hoc|x64 = Ad-Hoc|x64
		Ad-Hoc|x86 = Ad-Hoc|x86
		AppStore|Any CPU = AppStore|Any CPU
		AppStore|ARM = AppStore|ARM
		AppStore|iPhone = AppStore|iPhone
		AppStore|iPhoneSimulator = AppStore|iPhoneSimulator
		AppStore|x64 = AppStore|x64
		AppStore|x86 = AppStore|x86
		Debug|Any CPU = Debug|Any CPU
		Debug|ARM = Debug|ARM
		Debug|iPhone = Debug|iPhone
		Debug|iPhoneSimulator = Debug|iPhoneSimulator
		Debug|x64 = Debug|x64
		Debug|x86 = Debug|x86
		Release|Any CPU = Release|Any CPU
		Release|ARM = Release|ARM
		Release|iPhone = Release|iPhone
		Release|iPhoneSimulator = Release|iPhoneSimulator
		Release|x64 = Release|x64
		Release|x86 = Release|x86
	EndGlobalSection
	GlobalSection(ProjectConfigurationPlatforms) = postSolution
		{9ADB2AD7-23F7-41D1-A8ED-6AA69728AC8E}.Ad-Hoc|Any CPU.ActiveCfg = Debug|Any CPU
		{9ADB2AD7-23F7-41D1-A8ED-6AA69728AC8E}.Ad-Hoc|Any CPU.Build.0 = Debug|Any CPU
		{9ADB2AD7-23F7-41D1-A8ED-6AA69728AC8E}.Ad-Hoc|ARM.ActiveCfg = Debug|Any CPU
		{9ADB2AD7-23F7-41D1-A8ED-6AA69728AC8E}.Ad-Hoc|ARM.Build.0 = Debug|Any CPU
		{9ADB2AD7-23F7-41D1-A8ED-6AA69728AC8E}.Ad-Hoc|iPhone.ActiveCfg = Debug|Any CPU
		{9ADB2AD7-23F7-41D1-A8ED-6AA69728AC8E}.Ad-Hoc|iPhone.Build.0 = Debug|Any CPU
		{9ADB2AD7-23F7-41D1-A8ED-6AA69728AC8E}.Ad-Hoc|iPhoneSimulator.ActiveCfg = Debug|Any CPU
		{9ADB2AD7-23F7-41D1-A8ED-6AA69728AC8E}.Ad-Hoc|iPhoneSimulator.Build.0 = Debug|Any CPU
		{9ADB2AD7-23F7-41D1-A8ED-6AA69728AC8E}.Ad-Hoc|x64.ActiveCfg = Debug|Any CPU
		{9ADB2AD7-23F7-41D1-A8ED-6AA69728AC8E}.Ad-Hoc|x64.Build.0 = Debug|Any CPU
		{9ADB2AD7-23F7-41D1-A8ED-6AA69728AC8E}.Ad-Hoc|x86.ActiveCfg = Debug|Any CPU
		{9ADB2AD7-23F7-41D1-A8ED-6AA69728AC8E}.Ad-Hoc|x86.Build.0 = Debug|Any CPU
		{9ADB2AD7-23F7-41D1-A8ED-6AA69728AC8E}.AppStore|Any CPU.ActiveCfg = Debug|Any CPU
		{9ADB2AD7-23F7-41D1-A8ED-6AA69728AC8E}.AppStore|Any CPU.Build.0 = Debug|Any CPU
		{9ADB2AD7-23F7-41D1-A8ED-6AA69728AC8E}.AppStore|ARM.ActiveCfg = Debug|Any CPU
		{9ADB2AD7-23F7-41D1-A8ED-6AA69728AC8E}.AppStore|ARM.Build.0 = Debug|Any CPU
		{9ADB2AD7-23F7-41D1-A8ED-6AA69728AC8E}.AppStore|iPhone.ActiveCfg = Debug|Any CPU
		{9ADB2AD7-23F7-41D1-A8ED-6AA69728AC8E}.AppStore|iPhone.Build.0 = Debug|Any CPU
		{9ADB2AD7-23F7-41D1-A8ED-6AA69728AC8E}.AppStore|iPhoneSimulator.ActiveCfg = Debug|Any CPU
		{9ADB2AD7-23F7-41D1-A8ED-6AA69728AC8E}.AppStore|iPhoneSimulator.Build.0 = Debug|Any CPU
		{9ADB2AD7-23F7-41D1-A8ED-6AA69728AC8E}.AppStore|x64.ActiveCfg = Debug|Any CPU
		{9ADB2AD7-23F7-41D1-A8ED-6AA69728AC8E}.AppStore|x64.Build.0 = Debug|Any CPU
		{9ADB2AD7-23F7-41D1-A8ED-6AA69728AC8E}.AppStore|x86.ActiveCfg = Debug|Any CPU
		{9ADB2AD7-23F7-41D1-A8ED-6AA69728AC8E}.AppStore|x86.Build.0 = Debug|Any CPU
		{9ADB2AD7-23F7-41D1-A8ED-6AA69728AC8E}.Debug|Any CPU.ActiveCfg = Debug|Any CPU
		{9ADB2AD7-23F7-41D1-A8ED-6AA69728AC8E}.Debug|Any CPU.Build.0 = Debug|Any CPU
		{9ADB2AD7-23F7-41D1-A8ED-6AA69728AC8E}.Debug|ARM.ActiveCfg = Debug|Any CPU
		{9ADB2AD7-23F7-41D1-A8ED-6AA69728AC8E}.Debug|ARM.Build.0 = Debug|Any CPU
		{9ADB2AD7-23F7-41D1-A8ED-6AA69728AC8E}.Debug|iPhone.ActiveCfg = Debug|Any CPU
		{9ADB2AD7-23F7-41D1-A8ED-6AA69728AC8E}.Debug|iPhone.Build.0 = Debug|Any CPU
		{9ADB2AD7-23F7-41D1-A8ED-6AA69728AC8E}.Debug|iPhoneSimulator.ActiveCfg = Debug|Any CPU
		{9ADB2AD7-23F7-41D1-A8ED-6AA69728AC8E}.Debug|iPhoneSimulator.Build.0 = Debug|Any CPU
		{9ADB2AD7-23F7-41D1-A8ED-6AA69728AC8E}.Debug|x64.ActiveCfg = Debug|Any CPU
		{9ADB2AD7-23F7-41D1-A8ED-6AA69728AC8E}.Debug|x64.Build.0 = Debug|Any CPU
		{9ADB2AD7-23F7-41D1-A8ED-6AA69728AC8E}.Debug|x86.ActiveCfg = Debug|Any CPU
		{9ADB2AD7-23F7-41D1-A8ED-6AA69728AC8E}.Debug|x86.Build.0 = Debug|Any CPU
		{9ADB2AD7-23F7-41D1-A8ED-6AA69728AC8E}.Release|Any CPU.ActiveCfg = Release|Any CPU
		{9ADB2AD7-23F7-41D1-A8ED-6AA69728AC8E}.Release|Any CPU.Build.0 = Release|Any CPU
		{9ADB2AD7-23F7-41D1-A8ED-6AA69728AC8E}.Release|ARM.ActiveCfg = Release|Any CPU
		{9ADB2AD7-23F7-41D1-A8ED-6AA69728AC8E}.Release|ARM.Build.0 = Release|Any CPU
		{9ADB2AD7-23F7-41D1-A8ED-6AA69728AC8E}.Release|iPhone.ActiveCfg = Release|Any CPU
		{9ADB2AD7-23F7-41D1-A8ED-6AA69728AC8E}.Release|iPhone.Build.0 = Release|Any CPU
		{9ADB2AD7-23F7-41D1-A8ED-6AA69728AC8E}.Release|iPhoneSimulator.ActiveCfg = Release|Any CPU
		{9ADB2AD7-23F7-41D1-A8ED-6AA69728AC8E}.Release|iPhoneSimulator.Build.0 = Release|Any CPU
		{9ADB2AD7-23F7-41D1-A8ED-6AA69728AC8E}.Release|x64.ActiveCfg = Release|Any CPU
		{9ADB2AD7-23F7-41D1-A8ED-6AA69728AC8E}.Release|x64.Build.0 = Release|Any CPU
		{9ADB2AD7-23F7-41D1-A8ED-6AA69728AC8E}.Release|x86.ActiveCfg = Release|Any CPU
		{9ADB2AD7-23F7-41D1-A8ED-6AA69728AC8E}.Release|x86.Build.0 = Release|Any CPU
		{B89BC810-5CE5-408A-BA6C-19BD3491943C}.Ad-Hoc|Any CPU.ActiveCfg = Release|Any CPU
		{B89BC810-5CE5-408A-BA6C-19BD3491943C}.Ad-Hoc|Any CPU.Build.0 = Release|Any CPU
		{B89BC810-5CE5-408A-BA6C-19BD3491943C}.Ad-Hoc|Any CPU.Deploy.0 = Release|Any CPU
		{B89BC810-5CE5-408A-BA6C-19BD3491943C}.Ad-Hoc|ARM.ActiveCfg = Release|Any CPU
		{B89BC810-5CE5-408A-BA6C-19BD3491943C}.Ad-Hoc|ARM.Build.0 = Release|Any CPU
		{B89BC810-5CE5-408A-BA6C-19BD3491943C}.Ad-Hoc|ARM.Deploy.0 = Release|Any CPU
		{B89BC810-5CE5-408A-BA6C-19BD3491943C}.Ad-Hoc|iPhone.ActiveCfg = Release|Any CPU
		{B89BC810-5CE5-408A-BA6C-19BD3491943C}.Ad-Hoc|iPhone.Build.0 = Release|Any CPU
		{B89BC810-5CE5-408A-BA6C-19BD3491943C}.Ad-Hoc|iPhone.Deploy.0 = Release|Any CPU
		{B89BC810-5CE5-408A-BA6C-19BD3491943C}.Ad-Hoc|iPhoneSimulator.ActiveCfg = Release|Any CPU
		{B89BC810-5CE5-408A-BA6C-19BD3491943C}.Ad-Hoc|iPhoneSimulator.Build.0 = Release|Any CPU
		{B89BC810-5CE5-408A-BA6C-19BD3491943C}.Ad-Hoc|iPhoneSimulator.Deploy.0 = Release|Any CPU
		{B89BC810-5CE5-408A-BA6C-19BD3491943C}.Ad-Hoc|x64.ActiveCfg = Release|Any CPU
		{B89BC810-5CE5-408A-BA6C-19BD3491943C}.Ad-Hoc|x64.Build.0 = Release|Any CPU
		{B89BC810-5CE5-408A-BA6C-19BD3491943C}.Ad-Hoc|x64.Deploy.0 = Release|Any CPU
		{B89BC810-5CE5-408A-BA6C-19BD3491943C}.Ad-Hoc|x86.ActiveCfg = Release|Any CPU
		{B89BC810-5CE5-408A-BA6C-19BD3491943C}.Ad-Hoc|x86.Build.0 = Release|Any CPU
		{B89BC810-5CE5-408A-BA6C-19BD3491943C}.Ad-Hoc|x86.Deploy.0 = Release|Any CPU
		{B89BC810-5CE5-408A-BA6C-19BD3491943C}.AppStore|Any CPU.ActiveCfg = Release|Any CPU
		{B89BC810-5CE5-408A-BA6C-19BD3491943C}.AppStore|Any CPU.Build.0 = Release|Any CPU
		{B89BC810-5CE5-408A-BA6C-19BD3491943C}.AppStore|Any CPU.Deploy.0 = Release|Any CPU
		{B89BC810-5CE5-408A-BA6C-19BD3491943C}.AppStore|ARM.ActiveCfg = Release|Any CPU
		{B89BC810-5CE5-408A-BA6C-19BD3491943C}.AppStore|ARM.Build.0 = Release|Any CPU
		{B89BC810-5CE5-408A-BA6C-19BD3491943C}.AppStore|ARM.Deploy.0 = Release|Any CPU
		{B89BC810-5CE5-408A-BA6C-19BD3491943C}.AppStore|iPhone.ActiveCfg = Release|Any CPU
		{B89BC810-5CE5-408A-BA6C-19BD3491943C}.AppStore|iPhone.Build.0 = Release|Any CPU
		{B89BC810-5CE5-408A-BA6C-19BD3491943C}.AppStore|iPhone.Deploy.0 = Release|Any CPU
		{B89BC810-5CE5-408A-BA6C-19BD3491943C}.AppStore|iPhoneSimulator.ActiveCfg = Release|Any CPU
		{B89BC810-5CE5-408A-BA6C-19BD3491943C}.AppStore|iPhoneSimulator.Build.0 = Release|Any CPU
		{B89BC810-5CE5-408A-BA6C-19BD3491943C}.AppStore|iPhoneSimulator.Deploy.0 = Release|Any CPU
		{B89BC810-5CE5-408A-BA6C-19BD3491943C}.AppStore|x64.ActiveCfg = Release|Any CPU
		{B89BC810-5CE5-408A-BA6C-19BD3491943C}.AppStore|x64.Build.0 = Release|Any CPU
		{B89BC810-5CE5-408A-BA6C-19BD3491943C}.AppStore|x64.Deploy.0 = Release|Any CPU
		{B89BC810-5CE5-408A-BA6C-19BD3491943C}.AppStore|x86.ActiveCfg = Release|Any CPU
		{B89BC810-5CE5-408A-BA6C-19BD3491943C}.AppStore|x86.Build.0 = Release|Any CPU
		{B89BC810-5CE5-408A-BA6C-19BD3491943C}.AppStore|x86.Deploy.0 = Release|Any CPU
		{B89BC810-5CE5-408A-BA6C-19BD3491943C}.Debug|Any CPU.ActiveCfg = Debug|Any CPU
		{B89BC810-5CE5-408A-BA6C-19BD3491943C}.Debug|Any CPU.Build.0 = Debug|Any CPU
		{B89BC810-5CE5-408A-BA6C-19BD3491943C}.Debug|Any CPU.Deploy.0 = Debug|Any CPU
		{B89BC810-5CE5-408A-BA6C-19BD3491943C}.Debug|ARM.ActiveCfg = Debug|Any CPU
		{B89BC810-5CE5-408A-BA6C-19BD3491943C}.Debug|ARM.Build.0 = Debug|Any CPU
		{B89BC810-5CE5-408A-BA6C-19BD3491943C}.Debug|ARM.Deploy.0 = Debug|Any CPU
		{B89BC810-5CE5-408A-BA6C-19BD3491943C}.Debug|iPhone.ActiveCfg = Debug|Any CPU
		{B89BC810-5CE5-408A-BA6C-19BD3491943C}.Debug|iPhone.Build.0 = Debug|Any CPU
		{B89BC810-5CE5-408A-BA6C-19BD3491943C}.Debug|iPhone.Deploy.0 = Debug|Any CPU
		{B89BC810-5CE5-408A-BA6C-19BD3491943C}.Debug|iPhoneSimulator.ActiveCfg = Debug|Any CPU
		{B89BC810-5CE5-408A-BA6C-19BD3491943C}.Debug|iPhoneSimulator.Build.0 = Debug|Any CPU
		{B89BC810-5CE5-408A-BA6C-19BD3491943C}.Debug|iPhoneSimulator.Deploy.0 = Debug|Any CPU
		{B89BC810-5CE5-408A-BA6C-19BD3491943C}.Debug|x64.ActiveCfg = Debug|Any CPU
		{B89BC810-5CE5-408A-BA6C-19BD3491943C}.Debug|x64.Build.0 = Debug|Any CPU
		{B89BC810-5CE5-408A-BA6C-19BD3491943C}.Debug|x64.Deploy.0 = Debug|Any CPU
		{B89BC810-5CE5-408A-BA6C-19BD3491943C}.Debug|x86.ActiveCfg = Debug|Any CPU
		{B89BC810-5CE5-408A-BA6C-19BD3491943C}.Debug|x86.Build.0 = Debug|Any CPU
		{B89BC810-5CE5-408A-BA6C-19BD3491943C}.Debug|x86.Deploy.0 = Debug|Any CPU
		{B89BC810-5CE5-408A-BA6C-19BD3491943C}.Release|Any CPU.ActiveCfg = Release|Any CPU
		{B89BC810-5CE5-408A-BA6C-19BD3491943C}.Release|Any CPU.Build.0 = Release|Any CPU
		{B89BC810-5CE5-408A-BA6C-19BD3491943C}.Release|Any CPU.Deploy.0 = Release|Any CPU
		{B89BC810-5CE5-408A-BA6C-19BD3491943C}.Release|ARM.ActiveCfg = Release|Any CPU
		{B89BC810-5CE5-408A-BA6C-19BD3491943C}.Release|ARM.Build.0 = Release|Any CPU
		{B89BC810-5CE5-408A-BA6C-19BD3491943C}.Release|ARM.Deploy.0 = Release|Any CPU
		{B89BC810-5CE5-408A-BA6C-19BD3491943C}.Release|iPhone.ActiveCfg = Release|Any CPU
		{B89BC810-5CE5-408A-BA6C-19BD3491943C}.Release|iPhone.Build.0 = Release|Any CPU
		{B89BC810-5CE5-408A-BA6C-19BD3491943C}.Release|iPhone.Deploy.0 = Release|Any CPU
		{B89BC810-5CE5-408A-BA6C-19BD3491943C}.Release|iPhoneSimulator.ActiveCfg = Release|Any CPU
		{B89BC810-5CE5-408A-BA6C-19BD3491943C}.Release|iPhoneSimulator.Build.0 = Release|Any CPU
		{B89BC810-5CE5-408A-BA6C-19BD3491943C}.Release|iPhoneSimulator.Deploy.0 = Release|Any CPU
		{B89BC810-5CE5-408A-BA6C-19BD3491943C}.Release|x64.ActiveCfg = Release|Any CPU
		{B89BC810-5CE5-408A-BA6C-19BD3491943C}.Release|x64.Build.0 = Release|Any CPU
		{B89BC810-5CE5-408A-BA6C-19BD3491943C}.Release|x64.Deploy.0 = Release|Any CPU
		{B89BC810-5CE5-408A-BA6C-19BD3491943C}.Release|x86.ActiveCfg = Release|Any CPU
		{B89BC810-5CE5-408A-BA6C-19BD3491943C}.Release|x86.Build.0 = Release|Any CPU
		{B89BC810-5CE5-408A-BA6C-19BD3491943C}.Release|x86.Deploy.0 = Release|Any CPU
		{DE742F73-A9B5-4E58-AF01-4CE4B2C16364}.Ad-Hoc|Any CPU.ActiveCfg = Ad-Hoc|iPhone
		{DE742F73-A9B5-4E58-AF01-4CE4B2C16364}.Ad-Hoc|ARM.ActiveCfg = Ad-Hoc|iPhone
		{DE742F73-A9B5-4E58-AF01-4CE4B2C16364}.Ad-Hoc|iPhone.ActiveCfg = Ad-Hoc|iPhone
		{DE742F73-A9B5-4E58-AF01-4CE4B2C16364}.Ad-Hoc|iPhone.Build.0 = Ad-Hoc|iPhone
		{DE742F73-A9B5-4E58-AF01-4CE4B2C16364}.Ad-Hoc|iPhoneSimulator.ActiveCfg = Ad-Hoc|iPhoneSimulator
		{DE742F73-A9B5-4E58-AF01-4CE4B2C16364}.Ad-Hoc|iPhoneSimulator.Build.0 = Ad-Hoc|iPhoneSimulator
		{DE742F73-A9B5-4E58-AF01-4CE4B2C16364}.Ad-Hoc|x64.ActiveCfg = Ad-Hoc|iPhone
		{DE742F73-A9B5-4E58-AF01-4CE4B2C16364}.Ad-Hoc|x86.ActiveCfg = Ad-Hoc|iPhone
		{DE742F73-A9B5-4E58-AF01-4CE4B2C16364}.AppStore|Any CPU.ActiveCfg = AppStore|iPhone
		{DE742F73-A9B5-4E58-AF01-4CE4B2C16364}.AppStore|ARM.ActiveCfg = AppStore|iPhone
		{DE742F73-A9B5-4E58-AF01-4CE4B2C16364}.AppStore|iPhone.ActiveCfg = AppStore|iPhone
		{DE742F73-A9B5-4E58-AF01-4CE4B2C16364}.AppStore|iPhone.Build.0 = AppStore|iPhone
		{DE742F73-A9B5-4E58-AF01-4CE4B2C16364}.AppStore|iPhoneSimulator.ActiveCfg = AppStore|iPhoneSimulator
		{DE742F73-A9B5-4E58-AF01-4CE4B2C16364}.AppStore|iPhoneSimulator.Build.0 = AppStore|iPhoneSimulator
		{DE742F73-A9B5-4E58-AF01-4CE4B2C16364}.AppStore|x64.ActiveCfg = AppStore|iPhone
		{DE742F73-A9B5-4E58-AF01-4CE4B2C16364}.AppStore|x86.ActiveCfg = AppStore|iPhone
		{DE742F73-A9B5-4E58-AF01-4CE4B2C16364}.Debug|Any CPU.ActiveCfg = Debug|iPhone
		{DE742F73-A9B5-4E58-AF01-4CE4B2C16364}.Debug|ARM.ActiveCfg = Debug|iPhone
		{DE742F73-A9B5-4E58-AF01-4CE4B2C16364}.Debug|iPhone.ActiveCfg = Debug|iPhone
		{DE742F73-A9B5-4E58-AF01-4CE4B2C16364}.Debug|iPhone.Build.0 = Debug|iPhone
		{DE742F73-A9B5-4E58-AF01-4CE4B2C16364}.Debug|iPhoneSimulator.ActiveCfg = Debug|iPhoneSimulator
		{DE742F73-A9B5-4E58-AF01-4CE4B2C16364}.Debug|iPhoneSimulator.Build.0 = Debug|iPhoneSimulator
		{DE742F73-A9B5-4E58-AF01-4CE4B2C16364}.Debug|x64.ActiveCfg = Debug|iPhone
		{DE742F73-A9B5-4E58-AF01-4CE4B2C16364}.Debug|x86.ActiveCfg = Debug|iPhone
		{DE742F73-A9B5-4E58-AF01-4CE4B2C16364}.Release|Any CPU.ActiveCfg = Release|iPhone
		{DE742F73-A9B5-4E58-AF01-4CE4B2C16364}.Release|ARM.ActiveCfg = Release|iPhone
		{DE742F73-A9B5-4E58-AF01-4CE4B2C16364}.Release|iPhone.ActiveCfg = Release|iPhone
		{DE742F73-A9B5-4E58-AF01-4CE4B2C16364}.Release|iPhone.Build.0 = Release|iPhone
		{DE742F73-A9B5-4E58-AF01-4CE4B2C16364}.Release|iPhoneSimulator.ActiveCfg = Release|iPhoneSimulator
		{DE742F73-A9B5-4E58-AF01-4CE4B2C16364}.Release|iPhoneSimulator.Build.0 = Release|iPhoneSimulator
		{DE742F73-A9B5-4E58-AF01-4CE4B2C16364}.Release|x64.ActiveCfg = Release|iPhone
		{DE742F73-A9B5-4E58-AF01-4CE4B2C16364}.Release|x86.ActiveCfg = Release|iPhone
		{159FCE8F-56E1-4D55-924A-74D4215217C5}.Ad-Hoc|Any CPU.ActiveCfg = Release|x86
		{159FCE8F-56E1-4D55-924A-74D4215217C5}.Ad-Hoc|Any CPU.Build.0 = Release|x86
		{159FCE8F-56E1-4D55-924A-74D4215217C5}.Ad-Hoc|Any CPU.Deploy.0 = Release|x86
		{159FCE8F-56E1-4D55-924A-74D4215217C5}.Ad-Hoc|ARM.ActiveCfg = Release|ARM
		{159FCE8F-56E1-4D55-924A-74D4215217C5}.Ad-Hoc|ARM.Build.0 = Release|ARM
		{159FCE8F-56E1-4D55-924A-74D4215217C5}.Ad-Hoc|ARM.Deploy.0 = Release|ARM
		{159FCE8F-56E1-4D55-924A-74D4215217C5}.Ad-Hoc|iPhone.ActiveCfg = Release|x86
		{159FCE8F-56E1-4D55-924A-74D4215217C5}.Ad-Hoc|iPhone.Build.0 = Release|x86
		{159FCE8F-56E1-4D55-924A-74D4215217C5}.Ad-Hoc|iPhone.Deploy.0 = Release|x86
		{159FCE8F-56E1-4D55-924A-74D4215217C5}.Ad-Hoc|iPhoneSimulator.ActiveCfg = Release|x86
		{159FCE8F-56E1-4D55-924A-74D4215217C5}.Ad-Hoc|iPhoneSimulator.Build.0 = Release|x86
		{159FCE8F-56E1-4D55-924A-74D4215217C5}.Ad-Hoc|iPhoneSimulator.Deploy.0 = Release|x86
		{159FCE8F-56E1-4D55-924A-74D4215217C5}.Ad-Hoc|x64.ActiveCfg = Release|x64
		{159FCE8F-56E1-4D55-924A-74D4215217C5}.Ad-Hoc|x64.Build.0 = Release|x64
		{159FCE8F-56E1-4D55-924A-74D4215217C5}.Ad-Hoc|x64.Deploy.0 = Release|x64
		{159FCE8F-56E1-4D55-924A-74D4215217C5}.Ad-Hoc|x86.ActiveCfg = Release|x86
		{159FCE8F-56E1-4D55-924A-74D4215217C5}.Ad-Hoc|x86.Build.0 = Release|x86
		{159FCE8F-56E1-4D55-924A-74D4215217C5}.Ad-Hoc|x86.Deploy.0 = Release|x86
		{159FCE8F-56E1-4D55-924A-74D4215217C5}.AppStore|Any CPU.ActiveCfg = Release|x86
		{159FCE8F-56E1-4D55-924A-74D4215217C5}.AppStore|Any CPU.Build.0 = Release|x86
		{159FCE8F-56E1-4D55-924A-74D4215217C5}.AppStore|Any CPU.Deploy.0 = Release|x86
		{159FCE8F-56E1-4D55-924A-74D4215217C5}.AppStore|ARM.ActiveCfg = Release|ARM
		{159FCE8F-56E1-4D55-924A-74D4215217C5}.AppStore|ARM.Build.0 = Release|ARM
		{159FCE8F-56E1-4D55-924A-74D4215217C5}.AppStore|ARM.Deploy.0 = Release|ARM
		{159FCE8F-56E1-4D55-924A-74D4215217C5}.AppStore|iPhone.ActiveCfg = Release|x86
		{159FCE8F-56E1-4D55-924A-74D4215217C5}.AppStore|iPhone.Build.0 = Release|x86
		{159FCE8F-56E1-4D55-924A-74D4215217C5}.AppStore|iPhone.Deploy.0 = Release|x86
		{159FCE8F-56E1-4D55-924A-74D4215217C5}.AppStore|iPhoneSimulator.ActiveCfg = Release|x86
		{159FCE8F-56E1-4D55-924A-74D4215217C5}.AppStore|iPhoneSimulator.Build.0 = Release|x86
		{159FCE8F-56E1-4D55-924A-74D4215217C5}.AppStore|iPhoneSimulator.Deploy.0 = Release|x86
		{159FCE8F-56E1-4D55-924A-74D4215217C5}.AppStore|x64.ActiveCfg = Release|x64
		{159FCE8F-56E1-4D55-924A-74D4215217C5}.AppStore|x64.Build.0 = Release|x64
		{159FCE8F-56E1-4D55-924A-74D4215217C5}.AppStore|x64.Deploy.0 = Release|x64
		{159FCE8F-56E1-4D55-924A-74D4215217C5}.AppStore|x86.ActiveCfg = Release|x86
		{159FCE8F-56E1-4D55-924A-74D4215217C5}.AppStore|x86.Build.0 = Release|x86
		{159FCE8F-56E1-4D55-924A-74D4215217C5}.AppStore|x86.Deploy.0 = Release|x86
		{159FCE8F-56E1-4D55-924A-74D4215217C5}.Debug|Any CPU.ActiveCfg = Debug|x86
		{159FCE8F-56E1-4D55-924A-74D4215217C5}.Debug|ARM.ActiveCfg = Debug|ARM
		{159FCE8F-56E1-4D55-924A-74D4215217C5}.Debug|ARM.Build.0 = Debug|ARM
		{159FCE8F-56E1-4D55-924A-74D4215217C5}.Debug|ARM.Deploy.0 = Debug|ARM
		{159FCE8F-56E1-4D55-924A-74D4215217C5}.Debug|iPhone.ActiveCfg = Debug|x86
		{159FCE8F-56E1-4D55-924A-74D4215217C5}.Debug|iPhoneSimulator.ActiveCfg = Debug|x86
		{159FCE8F-56E1-4D55-924A-74D4215217C5}.Debug|x64.ActiveCfg = Debug|x64
		{159FCE8F-56E1-4D55-924A-74D4215217C5}.Debug|x64.Build.0 = Debug|x64
		{159FCE8F-56E1-4D55-924A-74D4215217C5}.Debug|x64.Deploy.0 = Debug|x64
		{159FCE8F-56E1-4D55-924A-74D4215217C5}.Debug|x86.ActiveCfg = Debug|x86
		{159FCE8F-56E1-4D55-924A-74D4215217C5}.Debug|x86.Build.0 = Debug|x86
		{159FCE8F-56E1-4D55-924A-74D4215217C5}.Debug|x86.Deploy.0 = Debug|x86
		{159FCE8F-56E1-4D55-924A-74D4215217C5}.Release|Any CPU.ActiveCfg = Release|x86
		{159FCE8F-56E1-4D55-924A-74D4215217C5}.Release|ARM.ActiveCfg = Release|ARM
		{159FCE8F-56E1-4D55-924A-74D4215217C5}.Release|ARM.Build.0 = Release|ARM
		{159FCE8F-56E1-4D55-924A-74D4215217C5}.Release|ARM.Deploy.0 = Release|ARM
		{159FCE8F-56E1-4D55-924A-74D4215217C5}.Release|iPhone.ActiveCfg = Release|x86
		{159FCE8F-56E1-4D55-924A-74D4215217C5}.Release|iPhoneSimulator.ActiveCfg = Release|x86
		{159FCE8F-56E1-4D55-924A-74D4215217C5}.Release|x64.ActiveCfg = Release|x64
		{159FCE8F-56E1-4D55-924A-74D4215217C5}.Release|x64.Build.0 = Release|x64
		{159FCE8F-56E1-4D55-924A-74D4215217C5}.Release|x64.Deploy.0 = Release|x64
		{159FCE8F-56E1-4D55-924A-74D4215217C5}.Release|x86.ActiveCfg = Release|x86
		{159FCE8F-56E1-4D55-924A-74D4215217C5}.Release|x86.Build.0 = Release|x86
		{159FCE8F-56E1-4D55-924A-74D4215217C5}.Release|x86.Deploy.0 = Release|x86
	EndGlobalSection
	GlobalSection(SolutionProperties) = preSolution
		HideSolutionNode = FALSE
	EndGlobalSection
	GlobalSection(ExtensibilityGlobals) = postSolution
		SolutionGuid = {D565AAFC-5042-4063-B9B3-4C0E2830F48A}
	EndGlobalSection
EndGlobal
